
Microsoft Visual Studio Solution File, Format Version 12.00
# Visual Studio Version 16
VisualStudioVersion = 16.0.29409.12
MinimumVisualStudioVersion = 10.0.40219.1
Project("{FAE04EC0-301F-11D3-BF4B-00C04F79EFBC}") = "ConsoleApp", "ConsoleApp.csproj", "{6C1986B6-2351-462F-BC24-1BA290A23604}"
EndProject
Global
	GlobalSection(SolutionConfigurationPlatforms) = preSolution
		Debug|Any CPU = Debug|Any CPU
		Release|Any CPU = Release|Any CPU
	EndGlobalSection
	GlobalSection(ProjectConfigurationPlatforms) = postSolution
		{6C1986B6-2351-462F-BC24-1BA290A23604}.Debug|Any CPU.ActiveCfg = Debug|Any CPU
		{6C1986B6-2351-462F-BC24-1BA290A23604}.Debug|Any CPU.Build.0 = Debug|Any CPU
		{6C1986B6-2351-462F-BC24-1BA290A23604}.Release|Any CPU.ActiveCfg = Release|Any CPU
		{6C1986B6-2351-462F-BC24-1BA290A23604}.Release|Any CPU.Build.0 = Release|Any CPU
	EndGlobalSection
	GlobalSection(SolutionProperties) = preSolution
		HideSolutionNode = FALSE
	EndGlobalSection
	GlobalSection(ExtensibilityGlobals) = postSolution
		SolutionGuid = {A0C4FE27-E906-40C0-8F6C-F78F0B75CC27}
	EndGlobalSection
EndGlobal
